
Microsoft Visual Studio Solution File, Format Version 12.00
# Visual Studio Version 16
VisualStudioVersion = 16.0.29806.167
MinimumVisualStudioVersion = 10.0.40219.1
Project("{9A19103F-16F7-4668-BE54-9A1E7A4F7556}") = "NetCore.Web", "NetCore.Web\NetCore.Web.csproj", "{36EB21D2-7132-45AD-BBEA-47BC0A17744D}"
EndProject
Project("{FAE04EC0-301F-11D3-BF4B-00C04F79EFBC}") = "NetCore.MyService", "NetCore.MyService\NetCore.MyService.csproj", "{18C32934-12C6-4ACD-8647-91114BC04DC8}"
EndProject
Global
	GlobalSection(SolutionConfigurationPlatforms) = preSolution
		Debug|Any CPU = Debug|Any CPU
		Release|Any CPU = Release|Any CPU
	EndGlobalSection
	GlobalSection(ProjectConfigurationPlatforms) = postSolution
		{36EB21D2-7132-45AD-BBEA-47BC0A17744D}.Debug|Any CPU.ActiveCfg = Debug|Any CPU
		{36EB21D2-7132-45AD-BBEA-47BC0A17744D}.Debug|Any CPU.Build.0 = Debug|Any CPU
		{36EB21D2-7132-45AD-BBEA-47BC0A17744D}.Release|Any CPU.ActiveCfg = Release|Any CPU
		{36EB21D2-7132-45AD-BBEA-47BC0A17744D}.Release|Any CPU.Build.0 = Release|Any CPU
		{18C32934-12C6-4ACD-8647-91114BC04DC8}.Debug|Any CPU.ActiveCfg = Debug|Any CPU
		{18C32934-12C6-4ACD-8647-91114BC04DC8}.Debug|Any CPU.Build.0 = Debug|Any CPU
		{18C32934-12C6-4ACD-8647-91114BC04DC8}.Release|Any CPU.ActiveCfg = Release|Any CPU
		{18C32934-12C6-4ACD-8647-91114BC04DC8}.Release|Any CPU.Build.0 = Release|Any CPU
	EndGlobalSection
	GlobalSection(SolutionProperties) = preSolution
		HideSolutionNode = FALSE
	EndGlobalSection
	GlobalSection(ExtensibilityGlobals) = postSolution
		SolutionGuid = {84F453E7-EB9B-4403-8896-A9ABFE5969DA}
	EndGlobalSection
EndGlobal
